github.com/BurntSushi/toml v0.2.1-0.20160717150709-99064174e013 h1:b3U6YBLKb/l6Z2g3UU9I9qb0E8ae2vqNcA3IZtotoYQ=
github.com/BurntSushi/toml v0.2.1-0.20160717150709-99064174e013/go.mod h1:xHWCNGjB5oqiDr8zfno3MHue2Ht5sIBksp03qcyfWMU=
github.com/Sirupsen/logrus v0.10.1-0.20160716025631-a283a10442df h1:Wa6YAAs7fcxp/J3UnnYtubJiQSEXXQ7Ofb0DZo4c90g=
github.com/Sirupsen/logrus v0.10.1-0.20160716025631-a283a10442df/go.mod h1:rmk17hk6i8ZSAJkSDa7nOxamrG+SP4P0mm+DAvExv4U=
github.com/blang/semver v3.1.0+incompatible/go.mod h1:kRBLl5iJ+tD4TcOOxsy/0fnwebNt5EWlYSAyrTnjyyk=
github.com/blang/semver v3.3.0+incompatible h1:BRtK3PUrMsESEGZwVNZa3sYPGIoNRla1Uhy+oHXiXrE=
github.com/blang/semver v3.3.0+incompatible/go.mod h1:kRBLl5iJ+tD4TcOOxsy/0fnwebNt5EWlYSAyrTnjyyk=
github.com/chop-dbhi/data-models-service v0.0.0-20160330130915-8d1d167576d8/go.mod h1:cNs/rpDs6D2lU8QhSEniaFucD8KvpEGcxxUG664V87g=
github.com/chop-dbhi/data-models-service v0.0.0-20160603202342-7c386845d4ad h1:60zEYInpO6+Cemd/Vo/D3T6RFnwBnvow8SiZfBmnvuI=
github.com/chop-dbhi/data-models-service v0.0.0-20160603202342-7c386845d4ad/go.mod h1:cNs/rpDs6D2lU8QhSEniaFucD8KvpEGcxxUG664V87g=
github.com/chop-dbhi/data-models-validator v0.0.0-20160405182336-ef4286dc2900 h1:F0XVUAkzG6KWmgXBzjDi1HEKJZOD37C2NaCiHmoT6Uo=
github.com/chop-dbhi/data-models-validator v0.0.0-20160405182336-ef4286dc2900/go.mod h1:xPHeTNJLNl4QxNHkCkct3oswoZbS6+3Ie8hyiD5FTc8=
github.com/chop-dbhi/data-models-validator v0.0.0-20210601224555-0a59bae236f3 h1:vzzJQL9oaC4zyRWbHJjwZd3nW4w8hPxQzOc9d1BI/T0=
github.com/chop-dbhi/data-models-validator v0.0.0-20210601224555-0a59bae236f3/go.mod h1:8Abd7ciTVhOyEi+x22dAypTSaQ9obnfTJL/kL/MPMWc=
github.com/davecgh/go-spew v1.1.0 h1:ZDRjVQ15GmhC3fiQ8ni8+OwkZQO4DARzQgrnXU1Liz8=
github.com/davecgh/go-spew v1.1.0/go.mod h1:J7Y8YcW2NihsgmVo/mv3lAwl/skON4iLHjSsI+c5H38=
github.com/fsnotify/fsnotify v1.3.1 h1:Ls7eCFzutKKUlbY8E5wXfcRWGH4qLQxkDoydIPh94X4=
github.com/fsnotify/fsnotify v1.3.1/go.mod h1:jwhsz4b93w/PPRr/qN1Yymfu8t87LnFCMoQvtojpjFo=
github.com/hashicorp/hcl v0.0.0-20160711231752-d8c773c4cba1 h1:9j16AiR0R5hDbDBMzfUfIP9CUbbw6T8nYN4iZz3/wjg=
github.com/hashicorp/hcl v0.0.0-20160711231752-d8c773c4cba1/go.mod h1:oZtUIOe8dh44I2q6ScRibXws4Ajl+d+nod3AaR9vL5w=
github.com/inconshreveable/mousetrap v1.0.0 h1:Z8tu5sraLXCXIcARxBp/8cbvlwVa7Z1NHg9XEKhtSvM=
github.com/inconshreveable/mousetrap v1.0.0/go.mod h1:PxqpIevigyE2G7u3NXJIT2ANytuPF1OarO4DADm73n8=
github.com/infomodels/database v0.0.0-20160812144446-aaf193248ea7 h1:DshiYqW80PQRwU42cKyS2pVYVeTG6rsuM+29e7w+xMA=
github.com/infomodels/database v0.0.0-20160812144446-aaf193248ea7/go.mod h1:Eo/0umo3a1oYCA7GQc+onag+PJBxs18I2iRYrigkSMI=
github.com/infomodels/datadirectory v0.0.0-20160526174020-d8ddbe0fedbd h1:IZ/9k6EOK7Gma//sggqdLhYMP5po9cVLjAXYaqICGnM=
github.com/infomodels/datadirectory v0.0.0-20160526174020-d8ddbe0fedbd/go.mod h1:nuVt48I9IjV4hlxqFWjmmQ90igIQKBeR4UnceXGQXfU=
github.com/infomodels/datapackage v0.0.0-20160525181129-9aea8e33d12e h1:cS1ERF1GZBQv921bXHn+7KwG0Cq+w1y3LIbvQ1pPAWw=
github.com/infomodels/datapackage v0.0.0-20160525181129-9aea8e33d12e/go.mod h1:gMLDcmE6TauvqXLyEDhOpgtF/H1A9Szo4Ff/ECWwjSY=
github.com/kr/pretty v0.2.1 h1:Fmg33tUaq4/8ym9TJN1x7sLJnHVwhP33CNkpYV/7rwI=
github.com/kr/pretty v0.2.1/go.mod h1:ipq/a2n7PKx3OHsz4KJII5eveXtPO4qwEXGdVfWzfnI=
github.com/kr/pty v1.1.1/go.mod h1:pFQYn66WHrOpPYNljwOMqo10TkYh1fy3cYio2l3bCsQ=
github.com/kr/text v0.1.0 h1:45sCR5RtlFHMR4UwH9sdQ5TC8v0qDQCHnXt+kaKSTVE=
github.com/kr/text v0.1.0/go.mod h1:4Jbv+DJW3UT/LiOwJeYQe1efqtUx/iVham/4vfdArNI=
github.com/lib/pq v1.10.2 h1:AqzbZs4ZoCBp+GtejcpCpcxM3zlSMx29dXbUSeVtJb8=
github.com/lib/pq v1.10.2/go.mod h1:AlVN5x4E4T544tWzH6hKfbfQvm3HdbOxrmggDNAPY9o=
github.com/magiconair/properties v1.7.1-0.20160716111125-af14024f63be h1:QVbIvJlhjgWxRPFvJOQnG/7XwXjm6EHcASoqHgSzv3E=
github.com/magiconair/properties v1.7.1-0.20160716111125-af14024f63be/go.mod h1:PppfXfuXeibc/6YijjN8zIbojt8czPbwD3XqdrwzmxQ=
github.com/mattn/go-runewidth v0.0.1 h1:+EiaBVXhogb1Klb4tRJ7hYnuGK6PkKOZlK04D/GMOqk=
github.com/mattn/go-runewidth v0.0.1/go.mod h1:LwmH8dsx7+W8Uxz3IHJYH5QSwggIsqBzpuz5H//U1FU=
github.com/mitchellh/mapstructure v0.0.0-20160713010219-21a35fb16463 h1:xviFRgCyjKZh99X9qVReT9DjiCPUWFC06Wpn8ndG2k0=
github.com/mitchellh/mapstructure v0.0.0-20160713010219-21a35fb16463/go.mod h1:FVVH3fgwuzCH5S8UJGiWEs2h04kUh9fWfEaFds41c1Y=
github.com/olekukonko/tablewriter v0.0.0-20160115111002-cca8bbc07984/go.mod h1:vsDQFd/mU46D+Z4whnwzcISnGGzXWMclvtLoiIKAKIo=
github.com/olekukonko/tablewriter v0.0.0-20160621093029-daf2955e742c h1:1BS19mnpAe7Lm0etRs1uBVaki11WZ8fktvOQGipZPo4=
github.com/olekukonko/tablewriter v0.0.0-20160621093029-daf2955e742c/go.mod h1:vsDQFd/mU46D+Z4whnwzcISnGGzXWMclvtLoiIKAKIo=
github.com/pmezard/go-difflib v1.0.0 h1:4DBwDE0NGyQoBHbLQYPwSUPoCMWR5BEzIk/f1lZbAQM=
github.com/pmezard/go-difflib v1.0.0/go.mod h1:iKH77koFhYxTK1pcRnkKkqfTogsbg7gZNVY4sRDYZ/4=
github.com/spf13/cast v0.0.0-20160314192028-27b586b42e29 h1:Lgc6pP3ludnufG3ehP2WboB0IIKxlizm8NvXsI0/Z58=
github.com/spf13/cast v0.0.0-20160314192028-27b586b42e29/go.mod h1:r2rcYCSwa1IExKTDiTfzaxqT2FNHs8hODu4LnUfgKEg=
github.com/spf13/cobra v0.0.0-20160715235549-b24564e91924 h1:NRGI2Vu6mX6BpE1yUwXVtZIqAxfkNpsU2B4ncRo8sOc=
github.com/spf13/cobra v0.0.0-20160715235549-b24564e91924/go.mod h1:1l0Ry5zgKvJasoi3XT1TypsSe7PqH0Sj9dhYf7v3XqQ=
github.com/spf13/jwalterweatherman v0.0.0-20160311093646-33c24e77fb80 h1:evyGXhHMrxKBDkdlSPv9HMWV2o53o+Ibhm28BGc0450=
github.com/spf13/jwalterweatherman v0.0.0-20160311093646-33c24e77fb80/go.mod h1:cQK4TGJAtQXfYWX+Ddv3mKDzgVb68N+wFjFa4jdeBTo=
github.com/spf13/pflag v0.0.0-20160610190902-367864438f1b h1:eZZ0QAe7qz2L8dz1t9s6AMlheHgTLP4XcNbCV8HkOkY=
github.com/spf13/pflag v0.0.0-20160610190902-367864438f1b/go.mod h1:DYY7MBk1bdzusC3SYhjObp+wFpr4gzcvqqNjLnInEg4=
github.com/spf13/viper v0.0.0-20160605220307-c1ccc378a054 h1:HFSscibvPFmnVZEdvDyS3kGPjuw8WuSOENhdLLhTd40=
github.com/spf13/viper v0.0.0-20160605220307-c1ccc378a054/go.mod h1:A8kyI5cUJhb8N+3pkfONlcEcZbueH6nhAm0Fq7SrnBM=
github.com/stretchr/objx v0.1.0/go.mod h1:HFkY916IF+rwdDfMAkV7OtwuqBVzrE8GR6GFx+wExME=
github.com/stretchr/testify v1.7.0 h1:nwc3DEeHmmLAfoZucVR881uASk0Mfjw8xYJ99tb5CcY=
github.com/stretchr/testify v1.7.0/go.mod h1:6Fq8oRcR53rry900zMqJjRRixrwX3KX962/h/Wwjteg=
golang.org/x/crypto v0.0.0-20160717044909-f28b56427a52 h1:4cB8jvterdPZ8MKidRYren2LGxDGgzugSww4ta7ItuU=
golang.org/x/crypto v0.0.0-20160717044909-f28b56427a52/go.mod h1:6SG95UA2DQfeDnfUPMdvaQW0Q7yPrPDi9nlGo2tz2b4=
golang.org/x/sys v0.0.0-20160717071931-a646d33e2ee3 h1:ZLExsLvnoqWSw6JB6k6RjWobIHGR3NG9dzVANJ7SVKc=
golang.org/x/sys v0.0.0-20160717071931-a646d33e2ee3/go.mod h1:STP8DvDyc/dI5b8T5hshtkjS+E42TnysNCUPdjciGhY=
gopkg.in/check.v1 v0.0.0-20161208181325-20d25e280405/go.mod h1:Co6ibVJAznAaIkqp8huTwlJQCZ016jof/cbN4VW5Yz0=
gopkg.in/check.v1 v1.0.0-20201130134442-10cb98267c6c h1:Hei/4ADfdWqJk1ZMxUNpqntNwaWcugrBjAiHlqqRiVk=
gopkg.in/check.v1 v1.0.0-20201130134442-10cb98267c6c/go.mod h1:JHkPIbrfpd72SG/EVd6muEfDQjcINNoR0C8j2r3qZ4Q=
gopkg.in/yaml.v2 v2.0.0-20160715033755-e4d366fc3c79 h1:mENkfeXGmLV7lIyBeNdwYWdONek7pH9yHaHMgZyvIWE=
gopkg.in/yaml.v2 v2.0.0-20160715033755-e4d366fc3c79/go.mod h1:JAlM8MvJe8wmxCU4Bli9HhUf9+ttbYbLASfIpnQbh74=
gopkg.in/yaml.v3 v3.0.0-20200313102051-9f266ea9e77c h1:dUUwHk2QECo/6vqA44rthZ8ie2QXMNeKRTHCNY2nXvo=
gopkg.in/yaml.v3 v3.0.0-20200313102051-9f266ea9e77c/go.mod h1:K4uyk7z7BCEPqu6E+C64Yfv1cQ7kz7rIZviUmN+EgEM=
